// !$*UTF8*$!
{
	archiveVersion = 1;
	classes = {
	};
	objectVersion = 46;
	objects = {

/* Begin PBXBuildFile section */
		BF0C41F81D2AE7DF0010D1AD /* AppDelegate.swift in Sources */ = {isa = PBXBuildFile; fileRef = BF0C41F71D2AE7DF0010D1AD /* AppDelegate.swift */; };
		BF0C41FA1D2AE7DF0010D1AD /* LoadingViewController.swift in Sources */ = {isa = PBXBuildFile; fileRef = BF0C41F91D2AE7DF0010D1AD /* LoadingViewController.swift */; };
		BF0C41FD1D2AE7DF0010D1AD /* Main.storyboard in Resources */ = {isa = PBXBuildFile; fileRef = BF0C41FB1D2AE7DF0010D1AD /* Main.storyboard */; };
		BF0C41FF1D2AE7DF0010D1AD /* Assets.xcassets in Resources */ = {isa = PBXBuildFile; fileRef = BF0C41FE1D2AE7DF0010D1AD /* Assets.xcassets */; };
		BF0C42021D2AE7DF0010D1AD /* LaunchScreen.storyboard in Resources */ = {isa = PBXBuildFile; fileRef = BF0C42001D2AE7DF0010D1AD /* LaunchScreen.storyboard */; };
		BF0C420E1D2B78840010D1AD /* FadeInAnimator.swift in Sources */ = {isa = PBXBuildFile; fileRef = BF0C420D1D2B78840010D1AD /* FadeInAnimator.swift */; };
		BF21F3C11D2C12AE00DDD11A /* LoginViewController.swift in Sources */ = {isa = PBXBuildFile; fileRef = BF21F3C01D2C12AE00DDD11A /* LoginViewController.swift */; };
		BF21F3C51D2C477800DDD11A /* Util.swift in Sources */ = {isa = PBXBuildFile; fileRef = BF21F3C41D2C477800DDD11A /* Util.swift */; };
		BF9F0A651D2D694D00A425C4 /* HomeViewController.swift in Sources */ = {isa = PBXBuildFile; fileRef = BF9F0A641D2D694D00A425C4 /* HomeViewController.swift */; };
		BF9F0A671D2D6A0B00A425C4 /* UIUtil.swift in Sources */ = {isa = PBXBuildFile; fileRef = BF9F0A661D2D6A0B00A425C4 /* UIUtil.swift */; };
		BF9F0A691D2D7EC800A425C4 /* UserUtil.swift in Sources */ = {isa = PBXBuildFile; fileRef = BF9F0A681D2D7EC800A425C4 /* UserUtil.swift */; };
		BFCB7E881D2FD48200A22F7D /* KeychainSwift.swift in Sources */ = {isa = PBXBuildFile; fileRef = BFCB7E871D2FD48200A22F7D /* KeychainSwift.swift */; };
		BFCB7E9F1D30532400A22F7D /* Icon-60.png in Resources */ = {isa = PBXBuildFile; fileRef = BFCB7E9C1D30532400A22F7D /* Icon-60.png */; };
		BFCB7EA01D30532400A22F7D /* Icon-60@2x.png in Resources */ = {isa = PBXBuildFile; fileRef = BFCB7E9D1D30532400A22F7D /* Icon-60@2x.png */; };
		BFCB7EA11D30532400A22F7D /* Icon-60@3x.png in Resources */ = {isa = PBXBuildFile; fileRef = BFCB7E9E1D30532400A22F7D /* Icon-60@3x.png */; };
		BFEFE3511D311DC700B1572E /* Constants.swift in Sources */ = {isa = PBXBuildFile; fileRef = BFEFE3501D311DC700B1572E /* Constants.swift */; };
		BFEFE3531D31257200B1572E /* DismissAnimator.swift in Sources */ = {isa = PBXBuildFile; fileRef = BFEFE3521D31257200B1572E /* DismissAnimator.swift */; };
		BFEFE3551D31295F00B1572E /* Error.swift in Sources */ = {isa = PBXBuildFile; fileRef = BFEFE3541D31295F00B1572E /* Error.swift */; };
/* End PBXBuildFile section */

/* Begin PBXFileReference section */
		BF0C41F41D2AE7DF0010D1AD /* Pilot App.app */ = {isa = PBXFileReference; explicitFileType = wrapper.application; includeInIndex = 0; path = "Pilot App.app"; sourceTree = BUILT_PRODUCTS_DIR; };
		BF0C41F71D2AE7DF0010D1AD /* AppDelegate.swift */ = {isa = PBXFileReference; lastKnownFileType = sourcecode.swift; path = AppDelegate.swift; sourceTree = "<group>"; };
		BF0C41F91D2AE7DF0010D1AD /* LoadingViewController.swift */ = {isa = PBXFileReference; lastKnownFileType = sourcecode.swift; path = LoadingViewController.swift; sourceTree = "<group>"; };
		BF0C41FC1D2AE7DF0010D1AD /* Base */ = {isa = PBXFileReference; lastKnownFileType = file.storyboard; name = Base; path = Base.lproj/Main.storyboard; sourceTree = "<group>"; };
		BF0C41FE1D2AE7DF0010D1AD /* Assets.xcassets */ = {isa = PBXFileReference; lastKnownFileType = folder.assetcatalog; path = Assets.xcassets; sourceTree = "<group>"; };
		BF0C42011D2AE7DF0010D1AD /* Base */ = {isa = PBXFileReference; lastKnownFileType = file.storyboard; name = Base; path = Base.lproj/LaunchScreen.storyboard; sourceTree = "<group>"; };
		BF0C42031D2AE7DF0010D1AD /* Info.plist */ = {isa = PBXFileReference; lastKnownFileType = text.plist.xml; path = Info.plist; sourceTree = "<group>"; };
		BF0C420D1D2B78840010D1AD /* FadeInAnimator.swift */ = {isa = PBXFileReference; fileEncoding = 4; lastKnownFileType = sourcecode.swift; path = FadeInAnimator.swift; sourceTree = "<group>"; };
		BF21F3C01D2C12AE00DDD11A /* LoginViewController.swift */ = {isa = PBXFileReference; fileEncoding = 4; lastKnownFileType = sourcecode.swift; path = LoginViewController.swift; sourceTree = "<group>"; };
		BF21F3C41D2C477800DDD11A /* Util.swift */ = {isa = PBXFileReference; fileEncoding = 4; lastKnownFileType = sourcecode.swift; path = Util.swift; sourceTree = "<group>"; };
		BF9F0A641D2D694D00A425C4 /* HomeViewController.swift */ = {isa = PBXFileReference; fileEncoding = 4; lastKnownFileType = sourcecode.swift; path = HomeViewController.swift; sourceTree = "<group>"; };
		BF9F0A661D2D6A0B00A425C4 /* UIUtil.swift */ = {isa = PBXFileReference; fileEncoding = 4; lastKnownFileType = sourcecode.swift; path = UIUtil.swift; sourceTree = "<group>"; };
		BF9F0A681D2D7EC800A425C4 /* UserUtil.swift */ = {isa = PBXFileReference; fileEncoding = 4; lastKnownFileType = sourcecode.swift; path = UserUtil.swift; sourceTree = "<group>"; };
		BFCB7E871D2FD48200A22F7D /* KeychainSwift.swift */ = {isa = PBXFileReference; fileEncoding = 4; lastKnownFileType = sourcecode.swift; path = KeychainSwift.swift; sourceTree = "<group>"; };
		BFCB7E9C1D30532400A22F7D /* Icon-60.png */ = {isa = PBXFileReference; lastKnownFileType = image.png; path = "Icon-60.png"; sourceTree = "<group>"; };
		BFCB7E9D1D30532400A22F7D /* Icon-60@2x.png */ = {isa = PBXFileReference; lastKnownFileType = image.png; path = "Icon-60@2x.png"; sourceTree = "<group>"; };
		BFCB7E9E1D30532400A22F7D /* Icon-60@3x.png */ = {isa = PBXFileReference; lastKnownFileType = image.png; path = "Icon-60@3x.png"; sourceTree = "<group>"; };
		BFEFE3501D311DC700B1572E /* Constants.swift */ = {isa = PBXFileReference; fileEncoding = 4; lastKnownFileType = sourcecode.swift; path = Constants.swift; sourceTree = "<group>"; };
		BFEFE3521D31257200B1572E /* DismissAnimator.swift */ = {isa = PBXFileReference; fileEncoding = 4; lastKnownFileType = sourcecode.swift; path = DismissAnimator.swift; sourceTree = "<group>"; };
		BFEFE3541D31295F00B1572E /* Error.swift */ = {isa = PBXFileReference; fileEncoding = 4; lastKnownFileType = sourcecode.swift; path = Error.swift; sourceTree = "<group>"; };
/* End PBXFileReference section */

/* Begin PBXFrameworksBuildPhase section */
		BF0C41F11D2AE7DF0010D1AD /* Frameworks */ = {
			isa = PBXFrameworksBuildPhase;
			buildActionMask = 2147483647;
			files = (
			);
			runOnlyForDeploymentPostprocessing = 0;
		};
/* End PBXFrameworksBuildPhase section */

/* Begin PBXGroup section */
		BF0C41EB1D2AE7DF0010D1AD = {
			isa = PBXGroup;
			children = (
				BF0C41F61D2AE7DF0010D1AD /* Pilot App */,
				BF0C41F51D2AE7DF0010D1AD /* Products */,
			);
			sourceTree = "<group>";
		};
		BF0C41F51D2AE7DF0010D1AD /* Products */ = {
			isa = PBXGroup;
			children = (
				BF0C41F41D2AE7DF0010D1AD /* Pilot App.app */,
			);
			name = Products;
			sourceTree = "<group>";
		};
		BF0C41F61D2AE7DF0010D1AD /* Pilot App */ = {
			isa = PBXGroup;
			children = (
				BF0C41F71D2AE7DF0010D1AD /* AppDelegate.swift */,
				BFCB7E8D1D3033C000A22F7D /* animators */,
				BFCB7E8E1D30344C00A22F7D /* view */,
				BFCB7E8F1D30348300A22F7D /* util */,
				BFCB7EA21D30538600A22F7D /* resources */,
			);
			path = "Pilot App";
			sourceTree = "<group>";
		};
		BFCB7E8D1D3033C000A22F7D /* animators */ = {
			isa = PBXGroup;
			children = (
				BF0C420D1D2B78840010D1AD /* FadeInAnimator.swift */,
				BFEFE3521D31257200B1572E /* DismissAnimator.swift */,
			);
			name = animators;
			sourceTree = "<group>";
		};
		BFCB7E8E1D30344C00A22F7D /* view */ = {
			isa = PBXGroup;
			children = (
				BF21F3C01D2C12AE00DDD11A /* LoginViewController.swift */,
				BF0C41F91D2AE7DF0010D1AD /* LoadingViewController.swift */,
				BF0C41FB1D2AE7DF0010D1AD /* Main.storyboard */,
				BF0C42001D2AE7DF0010D1AD /* LaunchScreen.storyboard */,
				BF9F0A641D2D694D00A425C4 /* HomeViewController.swift */,
			);
			name = view;
			sourceTree = "<group>";
		};
		BFCB7E8F1D30348300A22F7D /* util */ = {
			isa = PBXGroup;
			children = (
				BFCB7E871D2FD48200A22F7D /* KeychainSwift.swift */,
				BF0C42031D2AE7DF0010D1AD /* Info.plist */,
				BF21F3C41D2C477800DDD11A /* Util.swift */,
				BF9F0A661D2D6A0B00A425C4 /* UIUtil.swift */,
				BF9F0A681D2D7EC800A425C4 /* UserUtil.swift */,
				BFEFE3501D311DC700B1572E /* Constants.swift */,
				BFEFE3541D31295F00B1572E /* Error.swift */,
			);
			name = util;
			sourceTree = "<group>";
		};
		BFCB7EA21D30538600A22F7D /* resources */ = {
			isa = PBXGroup;
			children = (
				BF0C41FE1D2AE7DF0010D1AD /* Assets.xcassets */,
				BFCB7E9C1D30532400A22F7D /* Icon-60.png */,
				BFCB7E9D1D30532400A22F7D /* Icon-60@2x.png */,
				BFCB7E9E1D30532400A22F7D /* Icon-60@3x.png */,
			);
			name = resources;
			sourceTree = "<group>";
		};
/* End PBXGroup section */

/* Begin PBXNativeTarget section */
		BF0C41F31D2AE7DF0010D1AD /* Pilot App */ = {
			isa = PBXNativeTarget;
			buildConfigurationList = BF0C42061D2AE7DF0010D1AD /* Build configuration list for PBXNativeTarget "Pilot App" */;
			buildPhases = (
				BF0C41F01D2AE7DF0010D1AD /* Sources */,
				BF0C41F11D2AE7DF0010D1AD /* Frameworks */,
				BF0C41F21D2AE7DF0010D1AD /* Resources */,
			);
			buildRules = (
			);
			dependencies = (
			);
			name = "Pilot App";
			productName = "Pilot App";
			productReference = BF0C41F41D2AE7DF0010D1AD /* Pilot App.app */;
			productType = "com.apple.product-type.application";
		};
/* End PBXNativeTarget section */

/* Begin PBXProject section */
		BF0C41EC1D2AE7DF0010D1AD /* Project object */ = {
			isa = PBXProject;
			attributes = {
				LastSwiftUpdateCheck = 0730;
				LastUpgradeCheck = 0730;
				ORGANIZATIONNAME = Sangam;
				TargetAttributes = {
					BF0C41F31D2AE7DF0010D1AD = {
						CreatedOnToolsVersion = 7.3.1;
					};
				};
			};
			buildConfigurationList = BF0C41EF1D2AE7DF0010D1AD /* Build configuration list for PBXProject "Pilot App" */;
			compatibilityVersion = "Xcode 3.2";
			developmentRegion = English;
			hasScannedForEncodings = 0;
			knownRegions = (
				en,
				Base,
			);
			mainGroup = BF0C41EB1D2AE7DF0010D1AD;
			productRefGroup = BF0C41F51D2AE7DF0010D1AD /* Products */;
			projectDirPath = "";
			projectRoot = "";
			targets = (
				BF0C41F31D2AE7DF0010D1AD /* Pilot App */,
			);
		};
/* End PBXProject section */

/* Begin PBXResourcesBuildPhase section */
		BF0C41F21D2AE7DF0010D1AD /* Resources */ = {
			isa = PBXResourcesBuildPhase;
			buildActionMask = 2147483647;
			files = (
				BFCB7EA11D30532400A22F7D /* Icon-60@3x.png in Resources */,
				BF0C42021D2AE7DF0010D1AD /* LaunchScreen.storyboard in Resources */,
				BFCB7EA01D30532400A22F7D /* Icon-60@2x.png in Resources */,
				BF0C41FF1D2AE7DF0010D1AD /* Assets.xcassets in Resources */,
				BFCB7E9F1D30532400A22F7D /* Icon-60.png in Resources */,
				BF0C41FD1D2AE7DF0010D1AD /* Main.storyboard in Resources */,
			);
			runOnlyForDeploymentPostprocessing = 0;
		};
/* End PBXResourcesBuildPhase section */

/* Begin PBXSourcesBuildPhase section */
		BF0C41F01D2AE7DF0010D1AD /* Sources */ = {
			isa = PBXSourcesBuildPhase;
			buildActionMask = 2147483647;
			files = (
				BF21F3C11D2C12AE00DDD11A /* LoginViewController.swift in Sources */,
				BF0C420E1D2B78840010D1AD /* FadeInAnimator.swift in Sources */,
				BF21F3C51D2C477800DDD11A /* Util.swift in Sources */,
				BF9F0A671D2D6A0B00A425C4 /* UIUtil.swift in Sources */,
				BFEFE3551D31295F00B1572E /* Error.swift in Sources */,
				BF0C41FA1D2AE7DF0010D1AD /* LoadingViewController.swift in Sources */,
				BFEFE3511D311DC700B1572E /* Constants.swift in Sources */,
				BFEFE3531D31257200B1572E /* DismissAnimator.swift in Sources */,
				BF9F0A651D2D694D00A425C4 /* HomeViewController.swift in Sources */,
				BF9F0A691D2D7EC800A425C4 /* UserUtil.swift in Sources */,
				BFCB7E881D2FD48200A22F7D /* KeychainSwift.swift in Sources */,
				BF0C41F81D2AE7DF0010D1AD /* AppDelegate.swift in Sources */,
			);
			runOnlyForDeploymentPostprocessing = 0;
		};
/* End PBXSourcesBuildPhase section */

/* Begin PBXVariantGroup section */
		BF0C41FB1D2AE7DF0010D1AD /* Main.storyboard */ = {
			isa = PBXVariantGroup;
			children = (
				BF0C41FC1D2AE7DF0010D1AD /* Base */,
			);
			name = Main.storyboard;
			sourceTree = "<group>";
		};
		BF0C42001D2AE7DF0010D1AD /* LaunchScreen.storyboard */ = {
			isa = PBXVariantGroup;
			children = (
				BF0C42011D2AE7DF0010D1AD /* Base */,
			);
			name = LaunchScreen.storyboard;
			sourceTree = "<group>";
		};
/* End PBXVariantGroup section */

/* Begin XCBuildConfiguration section */
		BF0C42041D2AE7DF0010D1AD /* Debug */ = {
			isa = XCBuildConfiguration;
			buildSettings = {
				ALWAYS_SEARCH_USER_PATHS = NO;
				CLANG_ANALYZER_NONNULL = YES;
				CLANG_CXX_LANGUAGE_STANDARD = "gnu++0x";
				CLANG_CXX_LIBRARY = "libc++";
				CLANG_ENABLE_MODULES = YES;
				CLANG_ENABLE_OBJC_ARC = YES;
				CLANG_WARN_BOOL_CONVERSION = YES;
				CLANG_WARN_CONSTANT_CONVERSION = YES;
				CLANG_WARN_DIRECT_OBJC_ISA_USAGE = YES_ERROR;
				CLANG_WARN_EMPTY_BODY = YES;
				CLANG_WARN_ENUM_CONVERSION = YES;
				CLANG_WARN_INT_CONVERSION = YES;
				CLANG_WARN_OBJC_ROOT_CLASS = YES_ERROR;
				CLANG_WARN_UNREACHABLE_CODE = YES;
				CLANG_WARN__DUPLICATE_METHOD_MATCH = YES;
				"CODE_SIGN_IDENTITY[sdk=iphoneos*]" = "iPhone Developer";
				COPY_PHASE_STRIP = NO;
				DEBUG_INFORMATION_FORMAT = dwarf;
				ENABLE_STRICT_OBJC_MSGSEND = YES;
				ENABLE_TESTABILITY = YES;
				GCC_C_LANGUAGE_STANDARD = gnu99;
				GCC_DYNAMIC_NO_PIC = NO;
				GCC_NO_COMMON_BLOCKS = YES;
				GCC_OPTIMIZATION_LEVEL = 0;
				GCC_PREPROCESSOR_DEFINITIONS = (
					"DEBUG=1",
					"$(inherited)",
				);
				GCC_WARN_64_TO_32_BIT_CONVERSION = YES;
				GCC_WARN_ABOUT_RETURN_TYPE = YES_ERROR;
				GCC_WARN_UNDECLARED_SELECTOR = YES;
				GCC_WARN_UNINITIALIZED_AUTOS = YES_AGGRESSIVE;
				GCC_WARN_UNUSED_FUNCTION = YES;
				GCC_WARN_UNUSED_VARIABLE = YES;
				IPHONEOS_DEPLOYMENT_TARGET = 9.3;
				MTL_ENABLE_DEBUG_INFO = YES;
				ONLY_ACTIVE_ARCH = YES;
				SDKROOT = iphoneos;
				SWIFT_OPTIMIZATION_LEVEL = "-Onone";
			};
			name = Debug;
		};
		BF0C42051D2AE7DF0010D1AD /* Release */ = {
			isa = XCBuildConfiguration;
			buildSettings = {
				ALWAYS_SEARCH_USER_PATHS = NO;
				CLANG_ANALYZER_NONNULL = YES;
				CLANG_CXX_LANGUAGE_STANDARD = "gnu++0x";
				CLANG_CXX_LIBRARY = "libc++";
				CLANG_ENABLE_MODULES = YES;
				CLANG_ENABLE_OBJC_ARC = YES;
				CLANG_WARN_BOOL_CONVERSION = YES;
				CLANG_WARN_CONSTANT_CONVERSION = YES;
				CLANG_WARN_DIRECT_OBJC_ISA_USAGE = YES_ERROR;
				CLANG_WARN_EMPTY_BODY = YES;
				CLANG_WARN_ENUM_CONVERSION = YES;
				CLANG_WARN_INT_CONVERSION = YES;
				CLANG_WARN_OBJC_ROOT_CLASS = YES_ERROR;
				CLANG_WARN_UNREACHABLE_CODE = YES;
				CLANG_WARN__DUPLICATE_METHOD_MATCH = YES;
				"CODE_SIGN_IDENTITY[sdk=iphoneos*]" = "iPhone Developer";
				COPY_PHASE_STRIP = NO;
				DEBUG_INFORMATION_FORMAT = "dwarf-with-dsym";
				ENABLE_NS_ASSERTIONS = NO;
				ENABLE_STRICT_OBJC_MSGSEND = YES;
				GCC_C_LANGUAGE_STANDARD = gnu99;
				GCC_NO_COMMON_BLOCKS = YES;
				GCC_WARN_64_TO_32_BIT_CONVERSION = YES;
				GCC_WARN_ABOUT_RETURN_TYPE = YES_ERROR;
				GCC_WARN_UNDECLARED_SELECTOR = YES;
				GCC_WARN_UNINITIALIZED_AUTOS = YES_AGGRESSIVE;
				GCC_WARN_UNUSED_FUNCTION = YES;
				GCC_WARN_UNUSED_VARIABLE = YES;
				IPHONEOS_DEPLOYMENT_TARGET = 9.3;
				MTL_ENABLE_DEBUG_INFO = NO;
				SDKROOT = iphoneos;
				VALIDATE_PRODUCT = YES;
			};
			name = Release;
		};
		BF0C42071D2AE7DF0010D1AD /* Debug */ = {
			isa = XCBuildConfiguration;
			buildSettings = {
				ASSETCATALOG_COMPILER_APPICON_NAME = AppIcon;
				CLANG_ENABLE_MODULES = YES;
				INFOPLIST_FILE = "Pilot App/Info.plist";
				LD_RUNPATH_SEARCH_PATHS = "$(inherited) @executable_path/Frameworks";
				PRODUCT_BUNDLE_IDENTIFIER = "com.sangam.Pilot-App";
				PRODUCT_NAME = "$(TARGET_NAME)";
				SWIFT_OBJC_BRIDGING_HEADER = "";
				SWIFT_OPTIMIZATION_LEVEL = "-Onone";
			};
			name = Debug;
		};
		BF0C42081D2AE7DF0010D1AD /* Release */ = {
			isa = XCBuildConfiguration;
			buildSettings = {
				ASSETCATALOG_COMPILER_APPICON_NAME = AppIcon;
				CLANG_ENABLE_MODULES = YES;
				INFOPLIST_FILE = "Pilot App/Info.plist";
				LD_RUNPATH_SEARCH_PATHS = "$(inherited) @executable_path/Frameworks";
				PRODUCT_BUNDLE_IDENTIFIER = "com.sangam.Pilot-App";
				PRODUCT_NAME = "$(TARGET_NAME)";
				SWIFT_OBJC_BRIDGING_HEADER = "";
			};
			name = Release;
		};
/* End XCBuildConfiguration section */

/* Begin XCConfigurationList section */
		BF0C41EF1D2AE7DF0010D1AD /* Build configuration list for PBXProject "Pilot App" */ = {
			isa = XCConfigurationList;
			buildConfigurations = (
				BF0C42041D2AE7DF0010D1AD /* Debug */,
				BF0C42051D2AE7DF0010D1AD /* Release */,
			);
			defaultConfigurationIsVisible = 0;
			defaultConfigurationName = Release;
		};
		BF0C42061D2AE7DF0010D1AD /* Build configuration list for PBXNativeTarget "Pilot App" */ = {
			isa = XCConfigurationList;
			buildConfigurations = (
				BF0C42071D2AE7DF0010D1AD /* Debug */,
				BF0C42081D2AE7DF0010D1AD /* Release */,
			);
			defaultConfigurationIsVisible = 0;
			defaultConfigurationName = Release;
		};
/* End XCConfigurationList section */
	};
	rootObject = BF0C41EC1D2AE7DF0010D1AD /* Project object */;
}
